
Microsoft Visual Studio Solution File, Format Version 12.00
# Visual Studio Version 17
VisualStudioVersion = 17.11.35431.28
MinimumVisualStudioVersion = 10.0.40219.1
Project("{FAE04EC0-301F-11D3-BF4B-00C04F79EFBC}") = "Dolgozat_1210", "Dolgozat_1210\Dolgozat_1210.csproj", "{CD58631D-BB22-4BFC-9895-87EC9EFEBA9E}"
EndProject
Global
	GlobalSection(SolutionConfigurationPlatforms) = preSolution
		Debug|Any CPU = Debug|Any CPU
		Release|Any CPU = Release|Any CPU
	EndGlobalSection
	GlobalSection(ProjectConfigurationPlatforms) = postSolution
		{CD58631D-BB22-4BFC-9895-87EC9EFEBA9E}.Debug|Any CPU.ActiveCfg = Debug|Any CPU
		{CD58631D-BB22-4BFC-9895-87EC9EFEBA9E}.Debug|Any CPU.Build.0 = Debug|Any CPU
		{CD58631D-BB22-4BFC-9895-87EC9EFEBA9E}.Release|Any CPU.ActiveCfg = Release|Any CPU
		{CD58631D-BB22-4BFC-9895-87EC9EFEBA9E}.Release|Any CPU.Build.0 = Release|Any CPU
	EndGlobalSection
	GlobalSection(SolutionProperties) = preSolution
		HideSolutionNode = FALSE
	EndGlobalSection
	GlobalSection(ExtensibilityGlobals) = postSolution
		SolutionGuid = {00488A58-5AEC-4957-9E19-4EDD62B84325}
	EndGlobalSection
EndGlobal
